github.com/yogameleniawan/go-module-hello v1.0.0 h1:aXpMdM+cTlzk0ijdndJsxfZO/ejmuHl2dBtwB6Rbzns=
github.com/yogameleniawan/go-module-hello v1.0.0/go.mod h1:MUTT9MtiA4eLq39LdlvwfcEVPH0rVogze2EsYzsnVaA=
github.com/yogameleniawan/go-module-hello v1.5.0 h1:wuc7i67CnR50iE6Kmhi7pa1GSjupH9hCuLht1oS3M6s=
github.com/yogameleniawan/go-module-hello v1.5.0/go.mod h1:MUTT9MtiA4eLq39LdlvwfcEVPH0rVogze2EsYzsnVaA=
